
Microsoft Visual Studio Solution File, Format Version 12.00
# Visual Studio Version 16
VisualStudioVersion = 16.0.31313.79
MinimumVisualStudioVersion = 10.0.40219.1
Project("{9A19103F-16F7-4668-BE54-9A1E7A4F7556}") = "EITShippingPlanner.Application", "EITShippingPlanner.Application\EITShippingPlanner.Application.csproj", "{80292E4A-6CE3-414E-BDCC-84866BB91C1B}"
EndProject
Project("{9A19103F-16F7-4668-BE54-9A1E7A4F7556}") = "EITShippingPlanner.Core", "EITShippingPlanner.Core\EITShippingPlanner.Core.csproj", "{57EDED5A-EA45-4DE6-93EA-EC1D91DD91AF}"
EndProject
Project("{FAE04EC0-301F-11D3-BF4B-00C04F79EFBC}") = "EITShippingPlanner.Tests", "EITShippingPlanner.Tests\EITShippingPlanner.Tests.csproj", "{8E396975-238D-4C49-9F28-26FEFBC94F1F}"
EndProject
Global
	GlobalSection(SolutionConfigurationPlatforms) = preSolution
		Debug|Any CPU = Debug|Any CPU
		Release|Any CPU = Release|Any CPU
	EndGlobalSection
	GlobalSection(ProjectConfigurationPlatforms) = postSolution
		{80292E4A-6CE3-414E-BDCC-84866BB91C1B}.Debug|Any CPU.ActiveCfg = Debug|Any CPU
		{80292E4A-6CE3-414E-BDCC-84866BB91C1B}.Debug|Any CPU.Build.0 = Debug|Any CPU
		{80292E4A-6CE3-414E-BDCC-84866BB91C1B}.Release|Any CPU.ActiveCfg = Release|Any CPU
		{80292E4A-6CE3-414E-BDCC-84866BB91C1B}.Release|Any CPU.Build.0 = Release|Any CPU
		{57EDED5A-EA45-4DE6-93EA-EC1D91DD91AF}.Debug|Any CPU.ActiveCfg = Debug|Any CPU
		{57EDED5A-EA45-4DE6-93EA-EC1D91DD91AF}.Debug|Any CPU.Build.0 = Debug|Any CPU
		{57EDED5A-EA45-4DE6-93EA-EC1D91DD91AF}.Release|Any CPU.ActiveCfg = Release|Any CPU
		{57EDED5A-EA45-4DE6-93EA-EC1D91DD91AF}.Release|Any CPU.Build.0 = Release|Any CPU
		{8E396975-238D-4C49-9F28-26FEFBC94F1F}.Debug|Any CPU.ActiveCfg = Debug|Any CPU
		{8E396975-238D-4C49-9F28-26FEFBC94F1F}.Debug|Any CPU.Build.0 = Debug|Any CPU
		{8E396975-238D-4C49-9F28-26FEFBC94F1F}.Release|Any CPU.ActiveCfg = Release|Any CPU
		{8E396975-238D-4C49-9F28-26FEFBC94F1F}.Release|Any CPU.Build.0 = Release|Any CPU
	EndGlobalSection
	GlobalSection(SolutionProperties) = preSolution
		HideSolutionNode = FALSE
	EndGlobalSection
	GlobalSection(ExtensibilityGlobals) = postSolution
		SolutionGuid = {B1BA4A14-ACAE-4BC6-8CB7-1EE29CDC52AA}
	EndGlobalSection
EndGlobal
